// !$*UTF8*$!
{
	archiveVersion = 1;
	classes = {
	};
	objectVersion = 50;
	objects = {

/* Begin PBXBuildFile section */
		3FC931A1219E542400C18BE5 /* AppDelegate.swift in Sources */ = {isa = PBXBuildFile; fileRef = 3FC931A0219E542400C18BE5 /* AppDelegate.swift */; };
		3FC931A3219E542400C18BE5 /* ViewController.swift in Sources */ = {isa = PBXBuildFile; fileRef = 3FC931A2219E542400C18BE5 /* ViewController.swift */; };
		3FC931A8219E543100C18BE5 /* Assets.xcassets in Resources */ = {isa = PBXBuildFile; fileRef = 3FC931A7219E543100C18BE5 /* Assets.xcassets */; };
		3FC931AB219E543200C18BE5 /* LaunchScreen.storyboard in Resources */ = {isa = PBXBuildFile; fileRef = 3FC931A9219E543200C18BE5 /* LaunchScreen.storyboard */; };
		3FC931B3219E59D200C18BE5 /* Book.swift in Sources */ = {isa = PBXBuildFile; fileRef = 3FC931B2219E59D200C18BE5 /* Book.swift */; };
		3FC931B5219E59E900C18BE5 /* Page.swift in Sources */ = {isa = PBXBuildFile; fileRef = 3FC931B4219E59E900C18BE5 /* Page.swift */; };
		3FC931B8219E5F5B00C18BE5 /* BookCell.swift in Sources */ = {isa = PBXBuildFile; fileRef = 3FC931B7219E5F5A00C18BE5 /* BookCell.swift */; };
		3FC931BA219E69C700C18BE5 /* BookPagerController.swift in Sources */ = {isa = PBXBuildFile; fileRef = 3FC931B9219E69C700C18BE5 /* BookPagerController.swift */; };
		3FC931BC219E6DB400C18BE5 /* PageCell.swift in Sources */ = {isa = PBXBuildFile; fileRef = 3FC931BB219E6DB400C18BE5 /* PageCell.swift */; };
/* End PBXBuildFile section */

/* Begin PBXFileReference section */
		3FC9319D219E542400C18BE5 /* kindle.app */ = {isa = PBXFileReference; explicitFileType = wrapper.application; includeInIndex = 0; path = kindle.app; sourceTree = BUILT_PRODUCTS_DIR; };
		3FC931A0219E542400C18BE5 /* AppDelegate.swift */ = {isa = PBXFileReference; lastKnownFileType = sourcecode.swift; path = AppDelegate.swift; sourceTree = "<group>"; };
		3FC931A2219E542400C18BE5 /* ViewController.swift */ = {isa = PBXFileReference; lastKnownFileType = sourcecode.swift; path = ViewController.swift; sourceTree = "<group>"; };
		3FC931A7219E543100C18BE5 /* Assets.xcassets */ = {isa = PBXFileReference; lastKnownFileType = folder.assetcatalog; path = Assets.xcassets; sourceTree = "<group>"; };
		3FC931AA219E543200C18BE5 /* Base */ = {isa = PBXFileReference; lastKnownFileType = file.storyboard; name = Base; path = Base.lproj/LaunchScreen.storyboard; sourceTree = "<group>"; };
		3FC931AC219E543200C18BE5 /* Info.plist */ = {isa = PBXFileReference; lastKnownFileType = text.plist.xml; path = Info.plist; sourceTree = "<group>"; };
		3FC931B2219E59D200C18BE5 /* Book.swift */ = {isa = PBXFileReference; lastKnownFileType = sourcecode.swift; path = Book.swift; sourceTree = "<group>"; };
		3FC931B4219E59E900C18BE5 /* Page.swift */ = {isa = PBXFileReference; lastKnownFileType = sourcecode.swift; path = Page.swift; sourceTree = "<group>"; };
		3FC931B7219E5F5A00C18BE5 /* BookCell.swift */ = {isa = PBXFileReference; lastKnownFileType = sourcecode.swift; path = BookCell.swift; sourceTree = "<group>"; };
		3FC931B9219E69C700C18BE5 /* BookPagerController.swift */ = {isa = PBXFileReference; lastKnownFileType = sourcecode.swift; path = BookPagerController.swift; sourceTree = "<group>"; };
		3FC931BB219E6DB400C18BE5 /* PageCell.swift */ = {isa = PBXFileReference; lastKnownFileType = sourcecode.swift; path = PageCell.swift; sourceTree = "<group>"; };
/* End PBXFileReference section */

/* Begin PBXFrameworksBuildPhase section */
		3FC9319A219E542400C18BE5 /* Frameworks */ = {
			isa = PBXFrameworksBuildPhase;
			buildActionMask = 2147483647;
			files = (
			);
			runOnlyForDeploymentPostprocessing = 0;
		};
/* End PBXFrameworksBuildPhase section */

/* Begin PBXGroup section */
		3FC93194219E542400C18BE5 = {
			isa = PBXGroup;
			children = (
				3FC9319F219E542400C18BE5 /* kindle */,
				3FC9319E219E542400C18BE5 /* Products */,
			);
			sourceTree = "<group>";
		};
		3FC9319E219E542400C18BE5 /* Products */ = {
			isa = PBXGroup;
			children = (
				3FC9319D219E542400C18BE5 /* kindle.app */,
			);
			name = Products;
			sourceTree = "<group>";
		};
		3FC9319F219E542400C18BE5 /* kindle */ = {
			isa = PBXGroup;
			children = (
				3FC931A0219E542400C18BE5 /* AppDelegate.swift */,
				3FC931A2219E542400C18BE5 /* ViewController.swift */,
				3FC931B9219E69C700C18BE5 /* BookPagerController.swift */,
				3FC931BB219E6DB400C18BE5 /* PageCell.swift */,
				3FC931B7219E5F5A00C18BE5 /* BookCell.swift */,
				3FC931B6219E5A0F00C18BE5 /* Models */,
				3FC931A7219E543100C18BE5 /* Assets.xcassets */,
				3FC931A9219E543200C18BE5 /* LaunchScreen.storyboard */,
				3FC931AC219E543200C18BE5 /* Info.plist */,
			);
			path = kindle;
			sourceTree = "<group>";
		};
		3FC931B6219E5A0F00C18BE5 /* Models */ = {
			isa = PBXGroup;
			children = (
				3FC931B2219E59D200C18BE5 /* Book.swift */,
				3FC931B4219E59E900C18BE5 /* Page.swift */,
			);
			path = Models;
			sourceTree = "<group>";
		};
/* End PBXGroup section */

/* Begin PBXNativeTarget section */
		3FC9319C219E542400C18BE5 /* kindle */ = {
			isa = PBXNativeTarget;
			buildConfigurationList = 3FC931AF219E543200C18BE5 /* Build configuration list for PBXNativeTarget "kindle" */;
			buildPhases = (
				3FC93199219E542400C18BE5 /* Sources */,
				3FC9319A219E542400C18BE5 /* Frameworks */,
				3FC9319B219E542400C18BE5 /* Resources */,
			);
			buildRules = (
			);
			dependencies = (
			);
			name = kindle;
			productName = kindle;
			productReference = 3FC9319D219E542400C18BE5 /* kindle.app */;
			productType = "com.apple.product-type.application";
		};
/* End PBXNativeTarget section */

/* Begin PBXProject section */
		3FC93195219E542400C18BE5 /* Project object */ = {
			isa = PBXProject;
			attributes = {
				LastSwiftUpdateCheck = 1010;
				LastUpgradeCheck = 1010;
				ORGANIZATIONNAME = "Jeremy Robinson";
				TargetAttributes = {
					3FC9319C219E542400C18BE5 = {
						CreatedOnToolsVersion = 10.1;
					};
				};
			};
			buildConfigurationList = 3FC93198219E542400C18BE5 /* Build configuration list for PBXProject "kindle" */;
			compatibilityVersion = "Xcode 9.3";
			developmentRegion = en;
			hasScannedForEncodings = 0;
			knownRegions = (
				en,
				Base,
			);
			mainGroup = 3FC93194219E542400C18BE5;
			productRefGroup = 3FC9319E219E542400C18BE5 /* Products */;
			projectDirPath = "";
			projectRoot = "";
			targets = (
				3FC9319C219E542400C18BE5 /* kindle */,
			);
		};
/* End PBXProject section */

/* Begin PBXResourcesBuildPhase section */
		3FC9319B219E542400C18BE5 /* Resources */ = {
			isa = PBXResourcesBuildPhase;
			buildActionMask = 2147483647;
			files = (
				3FC931AB219E543200C18BE5 /* LaunchScreen.storyboard in Resources */,
				3FC931A8219E543100C18BE5 /* Assets.xcassets in Resources */,
			);
			runOnlyForDeploymentPostprocessing = 0;
		};
/* End PBXResourcesBuildPhase section */

/* Begin PBXSourcesBuildPhase section */
		3FC93199219E542400C18BE5 /* Sources */ = {
			isa = PBXSourcesBuildPhase;
			buildActionMask = 2147483647;
			files = (
				3FC931BA219E69C700C18BE5 /* BookPagerController.swift in Sources */,
				3FC931A3219E542400C18BE5 /* ViewController.swift in Sources */,
				3FC931A1219E542400C18BE5 /* AppDelegate.swift in Sources */,
				3FC931B5219E59E900C18BE5 /* Page.swift in Sources */,
				3FC931B3219E59D200C18BE5 /* Book.swift in Sources */,
				3FC931B8219E5F5B00C18BE5 /* BookCell.swift in Sources */,
				3FC931BC219E6DB400C18BE5 /* PageCell.swift in Sources */,
			);
			runOnlyForDeploymentPostprocessing = 0;
		};
/* End PBXSourcesBuildPhase section */

/* Begin PBXVariantGroup section */
		3FC931A9219E543200C18BE5 /* LaunchScreen.storyboard */ = {
			isa = PBXVariantGroup;
			children = (
				3FC931AA219E543200C18BE5 /* Base */,
			);
			name = LaunchScreen.storyboard;
			sourceTree = "<group>";
		};
/* End PBXVariantGroup section */

/* Begin XCBuildConfiguration section */
		3FC931AD219E543200C18BE5 /* Debug */ = {
			isa = XCBuildConfiguration;
			buildSettings = {
				ALWAYS_SEARCH_USER_PATHS = NO;
				CLANG_ANALYZER_NONNULL = YES;
				CLANG_ANALYZER_NUMBER_OBJECT_CONVERSION = YES_AGGRESSIVE;
				CLANG_CXX_LANGUAGE_STANDARD = "gnu++14";
				CLANG_CXX_LIBRARY = "libc++";
				CLANG_ENABLE_MODULES = YES;
				CLANG_ENABLE_OBJC_ARC = YES;
				CLANG_ENABLE_OBJC_WEAK = YES;
				CLANG_WARN_BLOCK_CAPTURE_AUTORELEASING = YES;
				CLANG_WARN_BOOL_CONVERSION = YES;
				CLANG_WARN_COMMA = YES;
				CLANG_WARN_CONSTANT_CONVERSION = YES;
				CLANG_WARN_DEPRECATED_OBJC_IMPLEMENTATIONS = YES;
				CLANG_WARN_DIRECT_OBJC_ISA_USAGE = YES_ERROR;
				CLANG_WARN_DOCUMENTATION_COMMENTS = YES;
				CLANG_WARN_EMPTY_BODY = YES;
				CLANG_WARN_ENUM_CONVERSION = YES;
				CLANG_WARN_INFINITE_RECURSION = YES;
				CLANG_WARN_INT_CONVERSION = YES;
				CLANG_WARN_NON_LITERAL_NULL_CONVERSION = YES;
				CLANG_WARN_OBJC_IMPLICIT_RETAIN_SELF = YES;
				CLANG_WARN_OBJC_LITERAL_CONVERSION = YES;
				CLANG_WARN_OBJC_ROOT_CLASS = YES_ERROR;
				CLANG_WARN_RANGE_LOOP_ANALYSIS = YES;
				CLANG_WARN_STRICT_PROTOTYPES = YES;
				CLANG_WARN_SUSPICIOUS_MOVE = YES;
				CLANG_WARN_UNGUARDED_AVAILABILITY = YES_AGGRESSIVE;
				CLANG_WARN_UNREACHABLE_CODE = YES;
				CLANG_WARN__DUPLICATE_METHOD_MATCH = YES;
				CODE_SIGN_IDENTITY = "iPhone Developer";
				COPY_PHASE_STRIP = NO;
				DEBUG_INFORMATION_FORMAT = dwarf;
				ENABLE_STRICT_OBJC_MSGSEND = YES;
				ENABLE_TESTABILITY = YES;
				GCC_C_LANGUAGE_STANDARD = gnu11;
				GCC_DYNAMIC_NO_PIC = NO;
				GCC_NO_COMMON_BLOCKS = YES;
				GCC_OPTIMIZATION_LEVEL = 0;
				GCC_PREPROCESSOR_DEFINITIONS = (
					"DEBUG=1",
					"$(inherited)",
				);
				GCC_WARN_64_TO_32_BIT_CONVERSION = YES;
				GCC_WARN_ABOUT_RETURN_TYPE = YES_ERROR;
				GCC_WARN_UNDECLARED_SELECTOR = YES;
				GCC_WARN_UNINITIALIZED_AUTOS = YES_AGGRESSIVE;
				GCC_WARN_UNUSED_FUNCTION = YES;
				GCC_WARN_UNUSED_VARIABLE = YES;
				IPHONEOS_DEPLOYMENT_TARGET = 12.1;
				MTL_ENABLE_DEBUG_INFO = INCLUDE_SOURCE;
				MTL_FAST_MATH = YES;
				ONLY_ACTIVE_ARCH = YES;
				SDKROOT = iphoneos;
				SWIFT_ACTIVE_COMPILATION_CONDITIONS = DEBUG;
				SWIFT_OPTIMIZATION_LEVEL = "-Onone";
			};
			name = Debug;
		};
		3FC931AE219E543200C18BE5 /* Release */ = {
			isa = XCBuildConfiguration;
			buildSettings = {
				ALWAYS_SEARCH_USER_PATHS = NO;
				CLANG_ANALYZER_NONNULL = YES;
				CLANG_ANALYZER_NUMBER_OBJECT_CONVERSION = YES_AGGRESSIVE;
				CLANG_CXX_LANGUAGE_STANDARD = "gnu++14";
				CLANG_CXX_LIBRARY = "libc++";
				CLANG_ENABLE_MODULES = YES;
				CLANG_ENABLE_OBJC_ARC = YES;
				CLANG_ENABLE_OBJC_WEAK = YES;
				CLANG_WARN_BLOCK_CAPTURE_AUTORELEASING = YES;
				CLANG_WARN_BOOL_CONVERSION = YES;
				CLANG_WARN_COMMA = YES;
				CLANG_WARN_CONSTANT_CONVERSION = YES;
				CLANG_WARN_DEPRECATED_OBJC_IMPLEMENTATIONS = YES;
				CLANG_WARN_DIRECT_OBJC_ISA_USAGE = YES_ERROR;
				CLANG_WARN_DOCUMENTATION_COMMENTS = YES;
				CLANG_WARN_EMPTY_BODY = YES;
				CLANG_WARN_ENUM_CONVERSION = YES;
				CLANG_WARN_INFINITE_RECURSION = YES;
				CLANG_WARN_INT_CONVERSION = YES;
				CLANG_WARN_NON_LITERAL_NULL_CONVERSION = YES;
				CLANG_WARN_OBJC_IMPLICIT_RETAIN_SELF = YES;
				CLANG_WARN_OBJC_LITERAL_CONVERSION = YES;
				CLANG_WARN_OBJC_ROOT_CLASS = YES_ERROR;
				CLANG_WARN_RANGE_LOOP_ANALYSIS = YES;
				CLANG_WARN_STRICT_PROTOTYPES = YES;
				CLANG_WARN_SUSPICIOUS_MOVE = YES;
				CLANG_WARN_UNGUARDED_AVAILABILITY = YES_AGGRESSIVE;
				CLANG_WARN_UNREACHABLE_CODE = YES;
				CLANG_WARN__DUPLICATE_METHOD_MATCH = YES;
				CODE_SIGN_IDENTITY = "iPhone Developer";
				COPY_PHASE_STRIP = NO;
				DEBUG_INFORMATION_FORMAT = "dwarf-with-dsym";
				ENABLE_NS_ASSERTIONS = NO;
				ENABLE_STRICT_OBJC_MSGSEND = YES;
				GCC_C_LANGUAGE_STANDARD = gnu11;
				GCC_NO_COMMON_BLOCKS = YES;
				GCC_WARN_64_TO_32_BIT_CONVERSION = YES;
				GCC_WARN_ABOUT_RETURN_TYPE = YES_ERROR;
				GCC_WARN_UNDECLARED_SELECTOR = YES;
				GCC_WARN_UNINITIALIZED_AUTOS = YES_AGGRESSIVE;
				GCC_WARN_UNUSED_FUNCTION = YES;
				GCC_WARN_UNUSED_VARIABLE = YES;
				IPHONEOS_DEPLOYMENT_TARGET = 12.1;
				MTL_ENABLE_DEBUG_INFO = NO;
				MTL_FAST_MATH = YES;
				SDKROOT = iphoneos;
				SWIFT_COMPILATION_MODE = wholemodule;
				SWIFT_OPTIMIZATION_LEVEL = "-O";
				VALIDATE_PRODUCT = YES;
			};
			name = Release;
		};
		3FC931B0219E543200C18BE5 /* Debug */ = {
			isa = XCBuildConfiguration;
			buildSettings = {
				ASSETCATALOG_COMPILER_APPICON_NAME = AppIcon;
				CODE_SIGN_STYLE = Automatic;
				DEVELOPMENT_TEAM = UDTN4YEY2W;
				INFOPLIST_FILE = kindle/Info.plist;
				LD_RUNPATH_SEARCH_PATHS = (
					"$(inherited)",
					"@executable_path/Frameworks",
				);
				PRODUCT_BUNDLE_IDENTIFIER = com.JeremyRobinson.kindle;
				PRODUCT_NAME = "$(TARGET_NAME)";
				SWIFT_VERSION = 4.2;
				TARGETED_DEVICE_FAMILY = "1,2";
			};
			name = Debug;
		};
		3FC931B1219E543200C18BE5 /* Release */ = {
			isa = XCBuildConfiguration;
			buildSettings = {
				ASSETCATALOG_COMPILER_APPICON_NAME = AppIcon;
				CODE_SIGN_STYLE = Automatic;
				DEVELOPMENT_TEAM = UDTN4YEY2W;
				INFOPLIST_FILE = kindle/Info.plist;
				LD_RUNPATH_SEARCH_PATHS = (
					"$(inherited)",
					"@executable_path/Frameworks",
				);
				PRODUCT_BUNDLE_IDENTIFIER = com.JeremyRobinson.kindle;
				PRODUCT_NAME = "$(TARGET_NAME)";
				SWIFT_VERSION = 4.2;
				TARGETED_DEVICE_FAMILY = "1,2";
			};
			name = Release;
		};
/* End XCBuildConfiguration section */

/* Begin XCConfigurationList section */
		3FC93198219E542400C18BE5 /* Build configuration list for PBXProject "kindle" */ = {
			isa = XCConfigurationList;
			buildConfigurations = (
				3FC931AD219E543200C18BE5 /* Debug */,
				3FC931AE219E543200C18BE5 /* Release */,
			);
			defaultConfigurationIsVisible = 0;
			defaultConfigurationName = Release;
		};
		3FC931AF219E543200C18BE5 /* Build configuration list for PBXNativeTarget "kindle" */ = {
			isa = XCConfigurationList;
			buildConfigurations = (
				3FC931B0219E543200C18BE5 /* Debug */,
				3FC931B1219E543200C18BE5 /* Release */,
			);
			defaultConfigurationIsVisible = 0;
			defaultConfigurationName = Release;
		};
/* End XCConfigurationList section */
	};
	rootObject = 3FC93195219E542400C18BE5 /* Project object */;
}
